
Microsoft Visual Studio Solution File, Format Version 12.00
Project("{FAE04EC0-301F-11D3-BF4B-00C04F79EFBC}") = "hyprland-csharp", "hyprland-csharp\hyprland-csharp.csproj", "{11FCE79C-6100-452B-94B4-B85935804E11}"
EndProject
Global
	GlobalSection(SolutionConfigurationPlatforms) = preSolution
		Debug|Any CPU = Debug|Any CPU
		Release|Any CPU = Release|Any CPU
	EndGlobalSection
	GlobalSection(ProjectConfigurationPlatforms) = postSolution
		{11FCE79C-6100-452B-94B4-B85935804E11}.Debug|Any CPU.ActiveCfg = Debug|Any CPU
		{11FCE79C-6100-452B-94B4-B85935804E11}.Debug|Any CPU.Build.0 = Debug|Any CPU
		{11FCE79C-6100-452B-94B4-B85935804E11}.Release|Any CPU.ActiveCfg = Release|Any CPU
		{11FCE79C-6100-452B-94B4-B85935804E11}.Release|Any CPU.Build.0 = Release|Any CPU
	EndGlobalSection
EndGlobal
